lockfileVersion: '6.0'

settings:
  autoInstallPeers: true
  excludeLinksFromLockfile: false

devDependencies:
  '@types/node':
    specifier: '16'
    version: 16.18.112

packages:

  /@types/node@16.18.112:
    resolution: {integrity: sha512-EKrbKUGJROm17+dY/gMi31aJlGLJ75e1IkTojt9n6u+hnaTBDs+M1bIdOawpk2m6YUAXq/R2W0SxCng1tndHCg==}
    dev: true
